<Solution>
  <Folder Name="/src/">
    <File Path="src\reference-architecture.md" />
    <File Path="src\scenario.md" />
  </Folder>
  <Folder Name="/src/agents/">
    <Project Path="src/agents/Payment.Agent/Payment.Agent.csproj" />
    <Project Path="src/agents/Merchant.Agent/Merchant.Agent.csproj" />
  </Folder>
  <Folder Name="/src/aspire/">
    <Project Path="src/aspire/AppHost/AppHost.csproj" />
    <Project Path="src/aspire/ServiceDefaults/ServiceDefaults.csproj" />
  </Folder>
  <Folder Name="/src/others/">
    <Project Path="src/others/Common/Common.csproj" />
    <Project Path="src/others/Iyzico.Provider/Iyzico.Provider.csproj" />
    <Project Path="src/others/Mail.Worker/Mail.Worker.csproj" />
    <Project Path="src/others/Identity.Server/Identity.Server.csproj" />
    <Project Path="src/others/Shared/Shared.csproj" />
  </Folder>
  <Folder Name="/src/services/">
    <Project Path="src/services/gateway/Gateway/Gateway.csproj" />
    <Project Path="src/services/Payment.Api/Payment.Api.csproj" />
    <Project Path="src/services/Merchant.Api/Merchant.Api.csproj" />
    <Project Path="src/services/Commission.Api/Commission.Api.csproj" />
  </Folder>
  <Folder Name="/src/ui/">
    <Project Path="src/ui/Admin/Admin.csproj" />
  </Folder>
  <Folder Name="/tests/">
    <Project Path="tests/Merchant.Api.Tests/Merchant.Api.Tests.csproj" />
    <Project Path="tests/Commission.Api.Tests/Commission.Api.Tests.csproj" />
    <Project Path="tests/Payment.Api.Tests/Payment.Api.Tests.csproj" />
  </Folder>
</Solution>
