<Solution>
  <Project Path="ApiGateway/ApiGateway.csproj" />
  <Project Path="AppHost/AppHost.csproj" />
  <Project Path="BankIntegration.Api/BankIntegration.Api.csproj" />
  <Project Path="CommissionManagement.Api/CommissionManagement.Api.csproj" />
  <Project Path="Common/Common.csproj" />
  <Project Path="IAM.Api/IAM.Api.csproj" />
  <Project Path="MerchantManagement.Api/MerchantManagement.Api.csproj" />
  <Project Path="PaymentGateway.BankContracts/PaymentGateway.BankContracts.csproj" />
  <Project Path="PaymentGateway.SharedContracts/PaymentGateway.SharedContracts.csproj" />
  <Project Path="PaymentGatewayApi/PaymentGatewayApi.csproj" />
  <Project Path="PaymentGatewayBff/PaymentGatewayBff.csproj" />
  <Project Path="PaymentGatewayPortal/PaymentGatewayPortal.csproj" />
  <Project Path="PaymentProcessing.Api/PaymentProcessing.Api.csproj" />
  <Project Path="ServiceDefaults/ServiceDefaults.csproj" />
  <Folder Name="/Banks/">
    <Project Path="Banks/GarantiService/GarantiService.csproj" />
  </Folder>
  <Project Path="Settlement.Api/Settlement.Api.csproj" />
</Solution>
